// !$*UTF8*$!
{
	archiveVersion = 1;
	classes = {
	};
	objectVersion = 56;
	objects = {

/* Begin PBXBuildFile section */
		1C0E1F5C2954ACC300F3C3DB /* KoanApp.swift in Sources */ = {isa = PBXBuildFile; fileRef = 1C0E1F5B2954ACC300F3C3DB /* KoanApp.swift */; };
		1C0E1F5E2954ACC300F3C3DB /* Persistence.swift in Sources */ = {isa = PBXBuildFile; fileRef = 1C0E1F5D2954ACC300F3C3DB /* Persistence.swift */; };
		1C0E1F612954ACC300F3C3DB /* Koan.xcdatamodeld in Sources */ = {isa = PBXBuildFile; fileRef = 1C0E1F5F2954ACC300F3C3DB /* Koan.xcdatamodeld */; };
		1C0E1F632954ACC300F3C3DB /* ContentView.swift in Sources */ = {isa = PBXBuildFile; fileRef = 1C0E1F622954ACC300F3C3DB /* ContentView.swift */; };
		1C0E1F652954ACC400F3C3DB /* Assets.xcassets in Resources */ = {isa = PBXBuildFile; fileRef = 1C0E1F642954ACC400F3C3DB /* Assets.xcassets */; };
		1C0E1F692954ACC400F3C3DB /* Preview Assets.xcassets in Resources */ = {isa = PBXBuildFile; fileRef = 1C0E1F682954ACC400F3C3DB /* Preview Assets.xcassets */; };
		1C0E1F722954AD2700F3C3DB /* Home.swift in Sources */ = {isa = PBXBuildFile; fileRef = 1C0E1F712954AD2700F3C3DB /* Home.swift */; };
		1C0E1F742954AE3800F3C3DB /* Welcome.swift in Sources */ = {isa = PBXBuildFile; fileRef = 1C0E1F732954AE3800F3C3DB /* Welcome.swift */; };
		1C0E1F782954C5F900F3C3DB /* CommuTab.swift in Sources */ = {isa = PBXBuildFile; fileRef = 1C0E1F772954C5F900F3C3DB /* CommuTab.swift */; };
		1C0E1F7A2954C9FA00F3C3DB /* RoomItem.swift in Sources */ = {isa = PBXBuildFile; fileRef = 1C0E1F792954C9FA00F3C3DB /* RoomItem.swift */; };
		1C0E1F7D2954CB6A00F3C3DB /* SwiftUIX in Frameworks */ = {isa = PBXBuildFile; productRef = 1C0E1F7C2954CB6A00F3C3DB /* SwiftUIX */; };
		1C0E1F7F2955211B00F3C3DB /* CommuBanner.swift in Sources */ = {isa = PBXBuildFile; fileRef = 1C0E1F7E2955211B00F3C3DB /* CommuBanner.swift */; };
		1C0E1F812955265200F3C3DB /* CommuSearchBar.swift in Sources */ = {isa = PBXBuildFile; fileRef = 1C0E1F802955265200F3C3DB /* CommuSearchBar.swift */; };
		1C0E1F842955276B00F3C3DB /* Inter.ttf in Resources */ = {isa = PBXBuildFile; fileRef = 1C0E1F832955276B00F3C3DB /* Inter.ttf */; };
		1C0E1F872955289700F3C3DB /* CommuWelcome.swift in Sources */ = {isa = PBXBuildFile; fileRef = 1C0E1F862955289700F3C3DB /* CommuWelcome.swift */; };
		1C0E1F8929552AD600F3C3DB /* CommuTags.swift in Sources */ = {isa = PBXBuildFile; fileRef = 1C0E1F8829552AD600F3C3DB /* CommuTags.swift */; };
		1C0E1F8C2955484600F3C3DB /* StringExtensions.swift in Sources */ = {isa = PBXBuildFile; fileRef = 1C0E1F8B2955484600F3C3DB /* StringExtensions.swift */; };
		1C0E1F8E295548BA00F3C3DB /* ColorExtensions.swift in Sources */ = {isa = PBXBuildFile; fileRef = 1C0E1F8D295548BA00F3C3DB /* ColorExtensions.swift */; };
		1C0E1F9129554A2400F3C3DB /* ShadowModifiers.swift in Sources */ = {isa = PBXBuildFile; fileRef = 1C0E1F9029554A2400F3C3DB /* ShadowModifiers.swift */; };
		1C0E1F9329554C5500F3C3DB /* NumberExtensions.swift in Sources */ = {isa = PBXBuildFile; fileRef = 1C0E1F9229554C5500F3C3DB /* NumberExtensions.swift */; };
		1C0E1F9529554CDF00F3C3DB /* BorderModifiers.swift in Sources */ = {isa = PBXBuildFile; fileRef = 1C0E1F9429554CDF00F3C3DB /* BorderModifiers.swift */; };
/* End PBXBuildFile section */

/* Begin PBXFileReference section */
		1C0E1F582954ACC300F3C3DB /* Koan.app */ = {isa = PBXFileReference; explicitFileType = wrapper.application; includeInIndex = 0; path = Koan.app; sourceTree = BUILT_PRODUCTS_DIR; };
		1C0E1F5B2954ACC300F3C3DB /* KoanApp.swift */ = {isa = PBXFileReference; lastKnownFileType = sourcecode.swift; path = KoanApp.swift; sourceTree = "<group>"; };
		1C0E1F5D2954ACC300F3C3DB /* Persistence.swift */ = {isa = PBXFileReference; lastKnownFileType = sourcecode.swift; path = Persistence.swift; sourceTree = "<group>"; };
		1C0E1F602954ACC300F3C3DB /* Koan.xcdatamodel */ = {isa = PBXFileReference; lastKnownFileType = wrapper.xcdatamodel; path = Koan.xcdatamodel; sourceTree = "<group>"; };
		1C0E1F622954ACC300F3C3DB /* ContentView.swift */ = {isa = PBXFileReference; lastKnownFileType = sourcecode.swift; path = ContentView.swift; sourceTree = "<group>"; };
		1C0E1F642954ACC400F3C3DB /* Assets.xcassets */ = {isa = PBXFileReference; lastKnownFileType = folder.assetcatalog; path = Assets.xcassets; sourceTree = "<group>"; };
		1C0E1F662954ACC400F3C3DB /* Koan.entitlements */ = {isa = PBXFileReference; lastKnownFileType = text.plist.entitlements; path = Koan.entitlements; sourceTree = "<group>"; };
		1C0E1F682954ACC400F3C3DB /* Preview Assets.xcassets */ = {isa = PBXFileReference; lastKnownFileType = folder.assetcatalog; path = "Preview Assets.xcassets"; sourceTree = "<group>"; };
		1C0E1F712954AD2700F3C3DB /* Home.swift */ = {isa = PBXFileReference; lastKnownFileType = sourcecode.swift; path = Home.swift; sourceTree = "<group>"; };
		1C0E1F732954AE3800F3C3DB /* Welcome.swift */ = {isa = PBXFileReference; lastKnownFileType = sourcecode.swift; path = Welcome.swift; sourceTree = "<group>"; };
		1C0E1F772954C5F900F3C3DB /* CommuTab.swift */ = {isa = PBXFileReference; lastKnownFileType = sourcecode.swift; path = CommuTab.swift; sourceTree = "<group>"; };
		1C0E1F792954C9FA00F3C3DB /* RoomItem.swift */ = {isa = PBXFileReference; lastKnownFileType = sourcecode.swift; path = RoomItem.swift; sourceTree = "<group>"; };
		1C0E1F7E2955211B00F3C3DB /* CommuBanner.swift */ = {isa = PBXFileReference; lastKnownFileType = sourcecode.swift; path = CommuBanner.swift; sourceTree = "<group>"; };
		1C0E1F802955265200F3C3DB /* CommuSearchBar.swift */ = {isa = PBXFileReference; lastKnownFileType = sourcecode.swift; path = CommuSearchBar.swift; sourceTree = "<group>"; };
		1C0E1F832955276B00F3C3DB /* Inter.ttf */ = {isa = PBXFileReference; lastKnownFileType = file; path = Inter.ttf; sourceTree = "<group>"; };
		1C0E1F85295527AF00F3C3DB /* Info.plist */ = {isa = PBXFileReference; lastKnownFileType = text.plist.xml; path = Info.plist; sourceTree = "<group>"; };
		1C0E1F862955289700F3C3DB /* CommuWelcome.swift */ = {isa = PBXFileReference; lastKnownFileType = sourcecode.swift; path = CommuWelcome.swift; sourceTree = "<group>"; };
		1C0E1F8829552AD600F3C3DB /* CommuTags.swift */ = {isa = PBXFileReference; lastKnownFileType = sourcecode.swift; path = CommuTags.swift; sourceTree = "<group>"; };
		1C0E1F8B2955484600F3C3DB /* StringExtensions.swift */ = {isa = PBXFileReference; lastKnownFileType = sourcecode.swift; path = StringExtensions.swift; sourceTree = "<group>"; };
		1C0E1F8D295548BA00F3C3DB /* ColorExtensions.swift */ = {isa = PBXFileReference; lastKnownFileType = sourcecode.swift; path = ColorExtensions.swift; sourceTree = "<group>"; };
		1C0E1F9029554A2400F3C3DB /* ShadowModifiers.swift */ = {isa = PBXFileReference; lastKnownFileType = sourcecode.swift; path = ShadowModifiers.swift; sourceTree = "<group>"; };
		1C0E1F9229554C5500F3C3DB /* NumberExtensions.swift */ = {isa = PBXFileReference; lastKnownFileType = sourcecode.swift; path = NumberExtensions.swift; sourceTree = "<group>"; };
		1C0E1F9429554CDF00F3C3DB /* BorderModifiers.swift */ = {isa = PBXFileReference; lastKnownFileType = sourcecode.swift; path = BorderModifiers.swift; sourceTree = "<group>"; };
/* End PBXFileReference section */

/* Begin PBXFrameworksBuildPhase section */
		1C0E1F552954ACC300F3C3DB /* Frameworks */ = {
			isa = PBXFrameworksBuildPhase;
			buildActionMask = 2147483647;
			files = (
				1C0E1F7D2954CB6A00F3C3DB /* SwiftUIX in Frameworks */,
			);
			runOnlyForDeploymentPostprocessing = 0;
		};
/* End PBXFrameworksBuildPhase section */

/* Begin PBXGroup section */
		1C0E1F4F2954ACC300F3C3DB = {
			isa = PBXGroup;
			children = (
				1C0E1F5A2954ACC300F3C3DB /* Koan */,
				1C0E1F592954ACC300F3C3DB /* Products */,
			);
			sourceTree = "<group>";
		};
		1C0E1F592954ACC300F3C3DB /* Products */ = {
			isa = PBXGroup;
			children = (
				1C0E1F582954ACC300F3C3DB /* Koan.app */,
			);
			name = Products;
			sourceTree = "<group>";
		};
		1C0E1F5A2954ACC300F3C3DB /* Koan */ = {
			isa = PBXGroup;
			children = (
				1C0E1F8F29554A1400F3C3DB /* Modifiers */,
				1C0E1F8A2955482100F3C3DB /* Extensions */,
				1C0E1F85295527AF00F3C3DB /* Info.plist */,
				1C0E1F832955276B00F3C3DB /* Inter.ttf */,
				1C0E1F6F2954ACE200F3C3DB /* Views */,
				1C0E1F702954ACEE00F3C3DB /* Pages */,
				1C0E1F5B2954ACC300F3C3DB /* KoanApp.swift */,
				1C0E1F5D2954ACC300F3C3DB /* Persistence.swift */,
				1C0E1F622954ACC300F3C3DB /* ContentView.swift */,
				1C0E1F642954ACC400F3C3DB /* Assets.xcassets */,
				1C0E1F662954ACC400F3C3DB /* Koan.entitlements */,
				1C0E1F5F2954ACC300F3C3DB /* Koan.xcdatamodeld */,
				1C0E1F672954ACC400F3C3DB /* Preview Content */,
			);
			path = Koan;
			sourceTree = "<group>";
		};
		1C0E1F672954ACC400F3C3DB /* Preview Content */ = {
			isa = PBXGroup;
			children = (
				1C0E1F682954ACC400F3C3DB /* Preview Assets.xcassets */,
			);
			path = "Preview Content";
			sourceTree = "<group>";
		};
		1C0E1F6F2954ACE200F3C3DB /* Views */ = {
			isa = PBXGroup;
			children = (
				1C0E1F762954C0FE00F3C3DB /* Communication */,
				1C0E1F752954AF1B00F3C3DB /* Welcome */,
			);
			path = Views;
			sourceTree = "<group>";
		};
		1C0E1F702954ACEE00F3C3DB /* Pages */ = {
			isa = PBXGroup;
			children = (
				1C0E1F712954AD2700F3C3DB /* Home.swift */,
				1C0E1F732954AE3800F3C3DB /* Welcome.swift */,
			);
			path = Pages;
			sourceTree = "<group>";
		};
		1C0E1F752954AF1B00F3C3DB /* Welcome */ = {
			isa = PBXGroup;
			children = (
			);
			path = Welcome;
			sourceTree = "<group>";
		};
		1C0E1F762954C0FE00F3C3DB /* Communication */ = {
			isa = PBXGroup;
			children = (
				1C0E1F772954C5F900F3C3DB /* CommuTab.swift */,
				1C0E1F792954C9FA00F3C3DB /* RoomItem.swift */,
				1C0E1F7E2955211B00F3C3DB /* CommuBanner.swift */,
				1C0E1F802955265200F3C3DB /* CommuSearchBar.swift */,
				1C0E1F862955289700F3C3DB /* CommuWelcome.swift */,
				1C0E1F8829552AD600F3C3DB /* CommuTags.swift */,
			);
			path = Communication;
			sourceTree = "<group>";
		};
		1C0E1F8A2955482100F3C3DB /* Extensions */ = {
			isa = PBXGroup;
			children = (
				1C0E1F8B2955484600F3C3DB /* StringExtensions.swift */,
				1C0E1F8D295548BA00F3C3DB /* ColorExtensions.swift */,
				1C0E1F9229554C5500F3C3DB /* NumberExtensions.swift */,
			);
			path = Extensions;
			sourceTree = "<group>";
		};
		1C0E1F8F29554A1400F3C3DB /* Modifiers */ = {
			isa = PBXGroup;
			children = (
				1C0E1F9029554A2400F3C3DB /* ShadowModifiers.swift */,
				1C0E1F9429554CDF00F3C3DB /* BorderModifiers.swift */,
			);
			path = Modifiers;
			sourceTree = "<group>";
		};
/* End PBXGroup section */

/* Begin PBXNativeTarget section */
		1C0E1F572954ACC300F3C3DB /* Koan */ = {
			isa = PBXNativeTarget;
			buildConfigurationList = 1C0E1F6C2954ACC400F3C3DB /* Build configuration list for PBXNativeTarget "Koan" */;
			buildPhases = (
				1C0E1F542954ACC300F3C3DB /* Sources */,
				1C0E1F552954ACC300F3C3DB /* Frameworks */,
				1C0E1F562954ACC300F3C3DB /* Resources */,
			);
			buildRules = (
			);
			dependencies = (
			);
			name = Koan;
			packageProductDependencies = (
				1C0E1F7C2954CB6A00F3C3DB /* SwiftUIX */,
			);
			productName = Koan;
			productReference = 1C0E1F582954ACC300F3C3DB /* Koan.app */;
			productType = "com.apple.product-type.application";
		};
/* End PBXNativeTarget section */

/* Begin PBXProject section */
		1C0E1F502954ACC300F3C3DB /* Project object */ = {
			isa = PBXProject;
			attributes = {
				BuildIndependentTargetsInParallel = 1;
				LastSwiftUpdateCheck = 1420;
				LastUpgradeCheck = 1420;
				TargetAttributes = {
					1C0E1F572954ACC300F3C3DB = {
						CreatedOnToolsVersion = 14.2;
					};
				};
			};
			buildConfigurationList = 1C0E1F532954ACC300F3C3DB /* Build configuration list for PBXProject "Koan" */;
			compatibilityVersion = "Xcode 14.0";
			developmentRegion = en;
			hasScannedForEncodings = 0;
			knownRegions = (
				en,
				Base,
			);
			mainGroup = 1C0E1F4F2954ACC300F3C3DB;
			packageReferences = (
				1C0E1F7B2954CB6A00F3C3DB /* XCRemoteSwiftPackageReference "SwiftUIX" */,
			);
			productRefGroup = 1C0E1F592954ACC300F3C3DB /* Products */;
			projectDirPath = "";
			projectRoot = "";
			targets = (
				1C0E1F572954ACC300F3C3DB /* Koan */,
			);
		};
/* End PBXProject section */

/* Begin PBXResourcesBuildPhase section */
		1C0E1F562954ACC300F3C3DB /* Resources */ = {
			isa = PBXResourcesBuildPhase;
			buildActionMask = 2147483647;
			files = (
				1C0E1F842955276B00F3C3DB /* Inter.ttf in Resources */,
				1C0E1F692954ACC400F3C3DB /* Preview Assets.xcassets in Resources */,
				1C0E1F652954ACC400F3C3DB /* Assets.xcassets in Resources */,
			);
			runOnlyForDeploymentPostprocessing = 0;
		};
/* End PBXResourcesBuildPhase section */

/* Begin PBXSourcesBuildPhase section */
		1C0E1F542954ACC300F3C3DB /* Sources */ = {
			isa = PBXSourcesBuildPhase;
			buildActionMask = 2147483647;
			files = (
				1C0E1F782954C5F900F3C3DB /* CommuTab.swift in Sources */,
				1C0E1F5C2954ACC300F3C3DB /* KoanApp.swift in Sources */,
				1C0E1F612954ACC300F3C3DB /* Koan.xcdatamodeld in Sources */,
				1C0E1F9529554CDF00F3C3DB /* BorderModifiers.swift in Sources */,
				1C0E1F722954AD2700F3C3DB /* Home.swift in Sources */,
				1C0E1F872955289700F3C3DB /* CommuWelcome.swift in Sources */,
				1C0E1F9129554A2400F3C3DB /* ShadowModifiers.swift in Sources */,
				1C0E1F9329554C5500F3C3DB /* NumberExtensions.swift in Sources */,
				1C0E1F632954ACC300F3C3DB /* ContentView.swift in Sources */,
				1C0E1F8929552AD600F3C3DB /* CommuTags.swift in Sources */,
				1C0E1F7F2955211B00F3C3DB /* CommuBanner.swift in Sources */,
				1C0E1F7A2954C9FA00F3C3DB /* RoomItem.swift in Sources */,
				1C0E1F812955265200F3C3DB /* CommuSearchBar.swift in Sources */,
				1C0E1F742954AE3800F3C3DB /* Welcome.swift in Sources */,
				1C0E1F8C2955484600F3C3DB /* StringExtensions.swift in Sources */,
				1C0E1F5E2954ACC300F3C3DB /* Persistence.swift in Sources */,
				1C0E1F8E295548BA00F3C3DB /* ColorExtensions.swift in Sources */,
			);
			runOnlyForDeploymentPostprocessing = 0;
		};
/* End PBXSourcesBuildPhase section */

/* Begin XCBuildConfiguration section */
		1C0E1F6A2954ACC400F3C3DB /* Debug */ = {
			isa = XCBuildConfiguration;
			buildSettings = {
				ALWAYS_SEARCH_USER_PATHS = NO;
				CLANG_ANALYZER_NONNULL = YES;
				CLANG_ANALYZER_NUMBER_OBJECT_CONVERSION = YES_AGGRESSIVE;
				CLANG_CXX_LANGUAGE_STANDARD = "gnu++20";
				CLANG_ENABLE_MODULES = YES;
				CLANG_ENABLE_OBJC_ARC = YES;
				CLANG_ENABLE_OBJC_WEAK = YES;
				CLANG_WARN_BLOCK_CAPTURE_AUTORELEASING = YES;
				CLANG_WARN_BOOL_CONVERSION = YES;
				CLANG_WARN_COMMA = YES;
				CLANG_WARN_CONSTANT_CONVERSION = YES;
				CLANG_WARN_DEPRECATED_OBJC_IMPLEMENTATIONS = YES;
				CLANG_WARN_DIRECT_OBJC_ISA_USAGE = YES_ERROR;
				CLANG_WARN_DOCUMENTATION_COMMENTS = YES;
				CLANG_WARN_EMPTY_BODY = YES;
				CLANG_WARN_ENUM_CONVERSION = YES;
				CLANG_WARN_INFINITE_RECURSION = YES;
				CLANG_WARN_INT_CONVERSION = YES;
				CLANG_WARN_NON_LITERAL_NULL_CONVERSION = YES;
				CLANG_WARN_OBJC_IMPLICIT_RETAIN_SELF = YES;
				CLANG_WARN_OBJC_LITERAL_CONVERSION = YES;
				CLANG_WARN_OBJC_ROOT_CLASS = YES_ERROR;
				CLANG_WARN_QUOTED_INCLUDE_IN_FRAMEWORK_HEADER = YES;
				CLANG_WARN_RANGE_LOOP_ANALYSIS = YES;
				CLANG_WARN_STRICT_PROTOTYPES = YES;
				CLANG_WARN_SUSPICIOUS_MOVE = YES;
				CLANG_WARN_UNGUARDED_AVAILABILITY = YES_AGGRESSIVE;
				CLANG_WARN_UNREACHABLE_CODE = YES;
				CLANG_WARN__DUPLICATE_METHOD_MATCH = YES;
				COPY_PHASE_STRIP = NO;
				DEBUG_INFORMATION_FORMAT = dwarf;
				ENABLE_STRICT_OBJC_MSGSEND = YES;
				ENABLE_TESTABILITY = YES;
				GCC_C_LANGUAGE_STANDARD = gnu11;
				GCC_DYNAMIC_NO_PIC = NO;
				GCC_NO_COMMON_BLOCKS = YES;
				GCC_OPTIMIZATION_LEVEL = 0;
				GCC_PREPROCESSOR_DEFINITIONS = (
					"DEBUG=1",
					"$(inherited)",
				);
				GCC_WARN_64_TO_32_BIT_CONVERSION = YES;
				GCC_WARN_ABOUT_RETURN_TYPE = YES_ERROR;
				GCC_WARN_UNDECLARED_SELECTOR = YES;
				GCC_WARN_UNINITIALIZED_AUTOS = YES_AGGRESSIVE;
				GCC_WARN_UNUSED_FUNCTION = YES;
				GCC_WARN_UNUSED_VARIABLE = YES;
				MTL_ENABLE_DEBUG_INFO = INCLUDE_SOURCE;
				MTL_FAST_MATH = YES;
				ONLY_ACTIVE_ARCH = YES;
				SWIFT_ACTIVE_COMPILATION_CONDITIONS = DEBUG;
				SWIFT_OPTIMIZATION_LEVEL = "-Onone";
			};
			name = Debug;
		};
		1C0E1F6B2954ACC400F3C3DB /* Release */ = {
			isa = XCBuildConfiguration;
			buildSettings = {
				ALWAYS_SEARCH_USER_PATHS = NO;
				CLANG_ANALYZER_NONNULL = YES;
				CLANG_ANALYZER_NUMBER_OBJECT_CONVERSION = YES_AGGRESSIVE;
				CLANG_CXX_LANGUAGE_STANDARD = "gnu++20";
				CLANG_ENABLE_MODULES = YES;
				CLANG_ENABLE_OBJC_ARC = YES;
				CLANG_ENABLE_OBJC_WEAK = YES;
				CLANG_WARN_BLOCK_CAPTURE_AUTORELEASING = YES;
				CLANG_WARN_BOOL_CONVERSION = YES;
				CLANG_WARN_COMMA = YES;
				CLANG_WARN_CONSTANT_CONVERSION = YES;
				CLANG_WARN_DEPRECATED_OBJC_IMPLEMENTATIONS = YES;
				CLANG_WARN_DIRECT_OBJC_ISA_USAGE = YES_ERROR;
				CLANG_WARN_DOCUMENTATION_COMMENTS = YES;
				CLANG_WARN_EMPTY_BODY = YES;
				CLANG_WARN_ENUM_CONVERSION = YES;
				CLANG_WARN_INFINITE_RECURSION = YES;
				CLANG_WARN_INT_CONVERSION = YES;
				CLANG_WARN_NON_LITERAL_NULL_CONVERSION = YES;
				CLANG_WARN_OBJC_IMPLICIT_RETAIN_SELF = YES;
				CLANG_WARN_OBJC_LITERAL_CONVERSION = YES;
				CLANG_WARN_OBJC_ROOT_CLASS = YES_ERROR;
				CLANG_WARN_QUOTED_INCLUDE_IN_FRAMEWORK_HEADER = YES;
				CLANG_WARN_RANGE_LOOP_ANALYSIS = YES;
				CLANG_WARN_STRICT_PROTOTYPES = YES;
				CLANG_WARN_SUSPICIOUS_MOVE = YES;
				CLANG_WARN_UNGUARDED_AVAILABILITY = YES_AGGRESSIVE;
				CLANG_WARN_UNREACHABLE_CODE = YES;
				CLANG_WARN__DUPLICATE_METHOD_MATCH = YES;
				COPY_PHASE_STRIP = NO;
				DEBUG_INFORMATION_FORMAT = "dwarf-with-dsym";
				ENABLE_NS_ASSERTIONS = NO;
				ENABLE_STRICT_OBJC_MSGSEND = YES;
				GCC_C_LANGUAGE_STANDARD = gnu11;
				GCC_NO_COMMON_BLOCKS = YES;
				GCC_WARN_64_TO_32_BIT_CONVERSION = YES;
				GCC_WARN_ABOUT_RETURN_TYPE = YES_ERROR;
				GCC_WARN_UNDECLARED_SELECTOR = YES;
				GCC_WARN_UNINITIALIZED_AUTOS = YES_AGGRESSIVE;
				GCC_WARN_UNUSED_FUNCTION = YES;
				GCC_WARN_UNUSED_VARIABLE = YES;
				MTL_ENABLE_DEBUG_INFO = NO;
				MTL_FAST_MATH = YES;
				SWIFT_COMPILATION_MODE = wholemodule;
				SWIFT_OPTIMIZATION_LEVEL = "-O";
			};
			name = Release;
		};
		1C0E1F6D2954ACC400F3C3DB /* Debug */ = {
			isa = XCBuildConfiguration;
			buildSettings = {
				ASSETCATALOG_COMPILER_APPICON_NAME = AppIcon;
				ASSETCATALOG_COMPILER_GLOBAL_ACCENT_COLOR_NAME = AccentColor;
				CODE_SIGN_ENTITLEMENTS = Koan/Koan.entitlements;
				CODE_SIGN_STYLE = Automatic;
				CURRENT_PROJECT_VERSION = 1;
				DEVELOPMENT_ASSET_PATHS = "\"Koan/Preview Content\"";
				DEVELOPMENT_TEAM = J3NKJ48LMS;
				ENABLE_HARDENED_RUNTIME = YES;
				ENABLE_PREVIEWS = YES;
				GENERATE_INFOPLIST_FILE = YES;
				INFOPLIST_FILE = Koan/Info.plist;
				"INFOPLIST_KEY_UIApplicationSceneManifest_Generation[sdk=iphoneos*]" = YES;
				"INFOPLIST_KEY_UIApplicationSceneManifest_Generation[sdk=iphonesimulator*]" = YES;
				"INFOPLIST_KEY_UIApplicationSupportsIndirectInputEvents[sdk=iphoneos*]" = YES;
				"INFOPLIST_KEY_UIApplicationSupportsIndirectInputEvents[sdk=iphonesimulator*]" = YES;
				"INFOPLIST_KEY_UILaunchScreen_Generation[sdk=iphoneos*]" = YES;
				"INFOPLIST_KEY_UILaunchScreen_Generation[sdk=iphonesimulator*]" = YES;
				"INFOPLIST_KEY_UIStatusBarStyle[sdk=iphoneos*]" = UIStatusBarStyleDefault;
				"INFOPLIST_KEY_UIStatusBarStyle[sdk=iphonesimulator*]" = UIStatusBarStyleDefault;
				INFOPLIST_KEY_UISupportedInterfaceOrientations_iPad = "UIInterfaceOrientationPortrait UIInterfaceOrientationPortraitUpsideDown UIInterfaceOrientationLandscapeLeft UIInterfaceOrientationLandscapeRight";
				IPHONEOS_DEPLOYMENT_TARGET = 16.2;
				LD_RUNPATH_SEARCH_PATHS = "@executable_path/Frameworks";
				"LD_RUNPATH_SEARCH_PATHS[sdk=macosx*]" = "@executable_path/../Frameworks";
				MACOSX_DEPLOYMENT_TARGET = 13.0;
				MARKETING_VERSION = 1.0;
				PRODUCT_BUNDLE_IDENTIFIER = yuan.Koan;
				PRODUCT_NAME = "$(TARGET_NAME)";
				SDKROOT = auto;
				SUPPORTED_PLATFORMS = "iphoneos iphonesimulator macosx";
				SWIFT_EMIT_LOC_STRINGS = YES;
				SWIFT_VERSION = 5.0;
				TARGETED_DEVICE_FAMILY = "1,2";
			};
			name = Debug;
		};
		1C0E1F6E2954ACC400F3C3DB /* Release */ = {
			isa = XCBuildConfiguration;
			buildSettings = {
				ASSETCATALOG_COMPILER_APPICON_NAME = AppIcon;
				ASSETCATALOG_COMPILER_GLOBAL_ACCENT_COLOR_NAME = AccentColor;
				CODE_SIGN_ENTITLEMENTS = Koan/Koan.entitlements;
				CODE_SIGN_STYLE = Automatic;
				CURRENT_PROJECT_VERSION = 1;
				DEVELOPMENT_ASSET_PATHS = "\"Koan/Preview Content\"";
				DEVELOPMENT_TEAM = J3NKJ48LMS;
				ENABLE_HARDENED_RUNTIME = YES;
				ENABLE_PREVIEWS = YES;
				GENERATE_INFOPLIST_FILE = YES;
				INFOPLIST_FILE = Koan/Info.plist;
				"INFOPLIST_KEY_UIApplicationSceneManifest_Generation[sdk=iphoneos*]" = YES;
				"INFOPLIST_KEY_UIApplicationSceneManifest_Generation[sdk=iphonesimulator*]" = YES;
				"INFOPLIST_KEY_UIApplicationSupportsIndirectInputEvents[sdk=iphoneos*]" = YES;
				"INFOPLIST_KEY_UIApplicationSupportsIndirectInputEvents[sdk=iphonesimulator*]" = YES;
				"INFOPLIST_KEY_UILaunchScreen_Generation[sdk=iphoneos*]" = YES;
				"INFOPLIST_KEY_UILaunchScreen_Generation[sdk=iphonesimulator*]" = YES;
				"INFOPLIST_KEY_UIStatusBarStyle[sdk=iphoneos*]" = UIStatusBarStyleDefault;
				"INFOPLIST_KEY_UIStatusBarStyle[sdk=iphonesimulator*]" = UIStatusBarStyleDefault;
				INFOPLIST_KEY_UISupportedInterfaceOrientations_iPad = "UIInterfaceOrientationPortrait UIInterfaceOrientationPortraitUpsideDown UIInterfaceOrientationLandscapeLeft UIInterfaceOrientationLandscapeRight";
				IPHONEOS_DEPLOYMENT_TARGET = 16.2;
				LD_RUNPATH_SEARCH_PATHS = "@executable_path/Frameworks";
				"LD_RUNPATH_SEARCH_PATHS[sdk=macosx*]" = "@executable_path/../Frameworks";
				MACOSX_DEPLOYMENT_TARGET = 13.0;
				MARKETING_VERSION = 1.0;
				PRODUCT_BUNDLE_IDENTIFIER = yuan.Koan;
				PRODUCT_NAME = "$(TARGET_NAME)";
				SDKROOT = auto;
				SUPPORTED_PLATFORMS = "iphoneos iphonesimulator macosx";
				SWIFT_EMIT_LOC_STRINGS = YES;
				SWIFT_VERSION = 5.0;
				TARGETED_DEVICE_FAMILY = "1,2";
			};
			name = Release;
		};
/* End XCBuildConfiguration section */

/* Begin XCConfigurationList section */
		1C0E1F532954ACC300F3C3DB /* Build configuration list for PBXProject "Koan" */ = {
			isa = XCConfigurationList;
			buildConfigurations = (
				1C0E1F6A2954ACC400F3C3DB /* Debug */,
				1C0E1F6B2954ACC400F3C3DB /* Release */,
			);
			defaultConfigurationIsVisible = 0;
			defaultConfigurationName = Release;
		};
		1C0E1F6C2954ACC400F3C3DB /* Build configuration list for PBXNativeTarget "Koan" */ = {
			isa = XCConfigurationList;
			buildConfigurations = (
				1C0E1F6D2954ACC400F3C3DB /* Debug */,
				1C0E1F6E2954ACC400F3C3DB /* Release */,
			);
			defaultConfigurationIsVisible = 0;
			defaultConfigurationName = Release;
		};
/* End XCConfigurationList section */

/* Begin XCRemoteSwiftPackageReference section */
		1C0E1F7B2954CB6A00F3C3DB /* XCRemoteSwiftPackageReference "SwiftUIX" */ = {
			isa = XCRemoteSwiftPackageReference;
			repositoryURL = "https://github.com/SwiftUIX/SwiftUIX.git";
			requirement = {
				kind = upToNextMajorVersion;
				minimumVersion = 0.1.3;
			};
		};
/* End XCRemoteSwiftPackageReference section */

/* Begin XCSwiftPackageProductDependency section */
		1C0E1F7C2954CB6A00F3C3DB /* SwiftUIX */ = {
			isa = XCSwiftPackageProductDependency;
			package = 1C0E1F7B2954CB6A00F3C3DB /* XCRemoteSwiftPackageReference "SwiftUIX" */;
			productName = SwiftUIX;
		};
/* End XCSwiftPackageProductDependency section */

/* Begin XCVersionGroup section */
		1C0E1F5F2954ACC300F3C3DB /* Koan.xcdatamodeld */ = {
			isa = XCVersionGroup;
			children = (
				1C0E1F602954ACC300F3C3DB /* Koan.xcdatamodel */,
			);
			currentVersion = 1C0E1F602954ACC300F3C3DB /* Koan.xcdatamodel */;
			path = Koan.xcdatamodeld;
			sourceTree = "<group>";
			versionGroupType = wrapper.xcdatamodel;
		};
/* End XCVersionGroup section */
	};
	rootObject = 1C0E1F502954ACC300F3C3DB /* Project object */;
}
